
Microsoft Visual Studio Solution File, Format Version 12.00
# Visual Studio Version 16
VisualStudioVersion = 25.0.1700.1
MinimumVisualStudioVersion = 10.0.40219.1
Project("{FAE04EC0-301F-11D3-BF4B-00C04F79EFBC}") = "CollectionMasterApp", "CollectionMasterApp\CollectionMasterApp.csproj", "{75834518-CCF8-4C12-BD6A-B60245E31250}"
EndProject
Global
	GlobalSection(SolutionConfigurationPlatforms) = preSolution
		Debug|Any CPU = Debug|Any CPU
		Release|Any CPU = Release|Any CPU
	EndGlobalSection
	GlobalSection(ProjectConfigurationPlatforms) = postSolution
		{75834518-CCF8-4C12-BD6A-B60245E31250}.Debug|Any CPU.ActiveCfg = Debug|Any CPU
		{75834518-CCF8-4C12-BD6A-B60245E31250}.Debug|Any CPU.Build.0 = Debug|Any CPU
		{75834518-CCF8-4C12-BD6A-B60245E31250}.Release|Any CPU.ActiveCfg = Release|Any CPU
		{75834518-CCF8-4C12-BD6A-B60245E31250}.Release|Any CPU.Build.0 = Release|Any CPU
	EndGlobalSection
	GlobalSection(SolutionProperties) = preSolution
		HideSolutionNode = FALSE
	EndGlobalSection
	GlobalSection(ExtensibilityGlobals) = postSolution
		SolutionGuid = {D11D951A-4AD0-4D2A-B59B-4C7AF13AD3C9}
	EndGlobalSection
EndGlobal
